
Microsoft Visual Studio Solution File, Format Version 12.00
# Visual Studio Version 17
VisualStudioVersion = 17.6.33829.357
MinimumVisualStudioVersion = 10.0.40219.1
Project("{FAE04EC0-301F-11D3-BF4B-00C04F79EFBC}") = "SISTrainingRestAPI", "SISTrainingRestAPI\SISTrainingRestAPI.csproj", "{D2BD308D-5D46-4C97-9179-C040E5D7E8C1}"
EndProject
Global
	GlobalSection(SolutionConfigurationPlatforms) = preSolution
		Debug|Any CPU = Debug|Any CPU
		Release|Any CPU = Release|Any CPU
	EndGlobalSection
	GlobalSection(ProjectConfigurationPlatforms) = postSolution
		{D2BD308D-5D46-4C97-9179-C040E5D7E8C1}.Debug|Any CPU.ActiveCfg = Debug|Any CPU
		{D2BD308D-5D46-4C97-9179-C040E5D7E8C1}.Debug|Any CPU.Build.0 = Debug|Any CPU
		{D2BD308D-5D46-4C97-9179-C040E5D7E8C1}.Release|Any CPU.ActiveCfg = Release|Any CPU
		{D2BD308D-5D46-4C97-9179-C040E5D7E8C1}.Release|Any CPU.Build.0 = Release|Any CPU
	EndGlobalSection
	GlobalSection(SolutionProperties) = preSolution
		HideSolutionNode = FALSE
	EndGlobalSection
	GlobalSection(ExtensibilityGlobals) = postSolution
		SolutionGuid = {7B0D7B71-E92E-42BF-816A-A9037B5A5DFA}
	EndGlobalSection
EndGlobal
